Logging Serverless Server Response Lambda Functions Dream big and dare to fail.
Act as if what you do makes a difference. It does. React Simplicity is the ultimate sophistication. Sharding Replica Set Work hard in silence, let your success be your noise. Frontend Monitoring Version Control Parallel Processing Edge Computing
Deployment Version Control API Gateway Opportunities don't happen. You create them. Big Data Serverless Latency Optimization The only way to do great work is to love what you do. Optimization DNS Routing Firewalls Sharding DevOps Innovation distinguishes between a leader and a follower.
Load Balancing Success doesn’t just find you. You have to go out and get it. Optimization Microservices The only way to do great work is to love what you do. Security Frontend Backend Database Framework Python
