Logging Serverless Server Response Lambda Functions Dream big and dare to fail.
Act as if what you do makes a difference. It does. React Simplicity is the ultimate sophistication. Sharding Replica Set Work hard in silence, let your success be your noise. Frontend Monitoring Version Control Parallel Processing Edge Computing
